
Microsoft Visual Studio Solution File, Format Version 12.00
# Visual Studio 15
VisualStudioVersion = 15.0.28307.645
MinimumVisualStudioVersion = 10.0.40219.1
Project("{2150E333-8FDC-42A3-9474-1A3956D46DE8}") = "1. Infrastructure", "1. Infrastructure", "{C3B1B962-CCC3-4731-92D4-650E15D90375}"
EndProject
Project("{2150E333-8FDC-42A3-9474-1A3956D46DE8}") = "2. Domain", "2. Domain", "{58C3CDB0-94AB-4D70-B801-51DBFBBB5E41}"
EndProject
Project("{2150E333-8FDC-42A3-9474-1A3956D46DE8}") = "3. Application", "3. Application", "{C4309A5E-BE06-4261-801E-521771E84079}"
EndProject
Project("{2150E333-8FDC-42A3-9474-1A3956D46DE8}") = "4. User Interface", "4. User Interface", "{A0D2025F-629A-4D5C-9E91-CA2B02AAB7DB}"
EndProject
Project("{9A19103F-16F7-4668-BE54-9A1E7A4F7556}") = "Chilicki.Cantor.Infrastructure", "Chilicki.Cantor.Infrastructure\Chilicki.Cantor.Infrastructure.csproj", "{9A2AFFDA-1B4D-4A59-831D-93B561226A5C}"
	ProjectSection(ProjectDependencies) = postProject
		{70BAF799-D69D-4EBB-AE11-ADB667C7CA50} = {70BAF799-D69D-4EBB-AE11-ADB667C7CA50}
	EndProjectSection
EndProject
Project("{9A19103F-16F7-4668-BE54-9A1E7A4F7556}") = "Chilicki.Cantor.Domain", "Chilicki.Cantor.Domain\Chilicki.Cantor.Domain.csproj", "{70BAF799-D69D-4EBB-AE11-ADB667C7CA50}"
EndProject
Project("{9A19103F-16F7-4668-BE54-9A1E7A4F7556}") = "Chilicki.Cantor.Application", "Chilicki.Cantor.Application\Chilicki.Cantor.Application.csproj", "{78E7D511-2288-4385-AB32-071D669FAA7E}"
	ProjectSection(ProjectDependencies) = postProject
		{70BAF799-D69D-4EBB-AE11-ADB667C7CA50} = {70BAF799-D69D-4EBB-AE11-ADB667C7CA50}
		{9A2AFFDA-1B4D-4A59-831D-93B561226A5C} = {9A2AFFDA-1B4D-4A59-831D-93B561226A5C}
	EndProjectSection
EndProject
Project("{9A19103F-16F7-4668-BE54-9A1E7A4F7556}") = "Chilicki.Cantor.WebAPI", "Chilicki.Cantor.WebAPI\Chilicki.Cantor.WebAPI.csproj", "{474DDD83-BF6A-45C5-91F6-D4920A22A000}"
	ProjectSection(ProjectDependencies) = postProject
		{78E7D511-2288-4385-AB32-071D669FAA7E} = {78E7D511-2288-4385-AB32-071D669FAA7E}
	EndProjectSection
EndProject
Project("{9A19103F-16F7-4668-BE54-9A1E7A4F7556}") = "Chilicki.Cantor.CurrencyUpdater", "Chilicki.Cantor.CurrencyUpdater\Chilicki.Cantor.CurrencyUpdater.csproj", "{7CB1A458-6549-46FB-BCB4-FEE12BF75030}"
EndProject
Global
	GlobalSection(SolutionConfigurationPlatforms) = preSolution
		Debug|Any CPU = Debug|Any CPU
		Release|Any CPU = Release|Any CPU
	EndGlobalSection
	GlobalSection(ProjectConfigurationPlatforms) = postSolution
		{9A2AFFDA-1B4D-4A59-831D-93B561226A5C}.Debug|Any CPU.ActiveCfg = Debug|Any CPU
		{9A2AFFDA-1B4D-4A59-831D-93B561226A5C}.Debug|Any CPU.Build.0 = Debug|Any CPU
		{9A2AFFDA-1B4D-4A59-831D-93B561226A5C}.Release|Any CPU.ActiveCfg = Release|Any CPU
		{9A2AFFDA-1B4D-4A59-831D-93B561226A5C}.Release|Any CPU.Build.0 = Release|Any CPU
		{70BAF799-D69D-4EBB-AE11-ADB667C7CA50}.Debug|Any CPU.ActiveCfg = Debug|Any CPU
		{70BAF799-D69D-4EBB-AE11-ADB667C7CA50}.Debug|Any CPU.Build.0 = Debug|Any CPU
		{70BAF799-D69D-4EBB-AE11-ADB667C7CA50}.Release|Any CPU.ActiveCfg = Release|Any CPU
		{70BAF799-D69D-4EBB-AE11-ADB667C7CA50}.Release|Any CPU.Build.0 = Release|Any CPU
		{78E7D511-2288-4385-AB32-071D669FAA7E}.Debug|Any CPU.ActiveCfg = Debug|Any CPU
		{78E7D511-2288-4385-AB32-071D669FAA7E}.Debug|Any CPU.Build.0 = Debug|Any CPU
		{78E7D511-2288-4385-AB32-071D669FAA7E}.Release|Any CPU.ActiveCfg = Release|Any CPU
		{78E7D511-2288-4385-AB32-071D669FAA7E}.Release|Any CPU.Build.0 = Release|Any CPU
		{474DDD83-BF6A-45C5-91F6-D4920A22A000}.Debug|Any CPU.ActiveCfg = Debug|Any CPU
		{474DDD83-BF6A-45C5-91F6-D4920A22A000}.Debug|Any CPU.Build.0 = Debug|Any CPU
		{474DDD83-BF6A-45C5-91F6-D4920A22A000}.Release|Any CPU.ActiveCfg = Release|Any CPU
		{474DDD83-BF6A-45C5-91F6-D4920A22A000}.Release|Any CPU.Build.0 = Release|Any CPU
		{7CB1A458-6549-46FB-BCB4-FEE12BF75030}.Debug|Any CPU.ActiveCfg = Debug|Any CPU
		{7CB1A458-6549-46FB-BCB4-FEE12BF75030}.Debug|Any CPU.Build.0 = Debug|Any CPU
		{7CB1A458-6549-46FB-BCB4-FEE12BF75030}.Release|Any CPU.ActiveCfg = Release|Any CPU
		{7CB1A458-6549-46FB-BCB4-FEE12BF75030}.Release|Any CPU.Build.0 = Release|Any CPU
	EndGlobalSection
	GlobalSection(SolutionProperties) = preSolution
		HideSolutionNode = FALSE
	EndGlobalSection
	GlobalSection(NestedProjects) = preSolution
		{9A2AFFDA-1B4D-4A59-831D-93B561226A5C} = {C3B1B962-CCC3-4731-92D4-650E15D90375}
		{70BAF799-D69D-4EBB-AE11-ADB667C7CA50} = {58C3CDB0-94AB-4D70-B801-51DBFBBB5E41}
		{78E7D511-2288-4385-AB32-071D669FAA7E} = {C4309A5E-BE06-4261-801E-521771E84079}
		{474DDD83-BF6A-45C5-91F6-D4920A22A000} = {A0D2025F-629A-4D5C-9E91-CA2B02AAB7DB}
		{7CB1A458-6549-46FB-BCB4-FEE12BF75030} = {A0D2025F-629A-4D5C-9E91-CA2B02AAB7DB}
	EndGlobalSection
	GlobalSection(ExtensibilityGlobals) = postSolution
		SolutionGuid = {3C5A6FB3-5B21-41E6-9883-F6CE4B4EFC05}
	EndGlobalSection
EndGlobal
